
Microsoft Visual Studio Solution File, Format Version 12.00
# Visual Studio Version 16
VisualStudioVersion = 16.0.31129.286
MinimumVisualStudioVersion = 10.0.40219.1
Project("{FAE04EC0-301F-11D3-BF4B-00C04F79EFBC}") = "ChessServerConsole", "ChessServerConsole\ChessServerConsole.csproj", "{75B38EDC-6B2F-4A98-B0CB-AF7034ED7C4B}"
EndProject
Project("{FAE04EC0-301F-11D3-BF4B-00C04F79EFBC}") = "ChessServerTest", "ChessServerTest\ChessServerTest.csproj", "{27BAF008-5F95-4673-8E45-BD4CD3BB38B4}"
EndProject
Global
	GlobalSection(SolutionConfigurationPlatforms) = preSolution
		Debug|Any CPU = Debug|Any CPU
		Release|Any CPU = Release|Any CPU
	EndGlobalSection
	GlobalSection(ProjectConfigurationPlatforms) = postSolution
		{75B38EDC-6B2F-4A98-B0CB-AF7034ED7C4B}.Debug|Any CPU.ActiveCfg = Debug|Any CPU
		{75B38EDC-6B2F-4A98-B0CB-AF7034ED7C4B}.Debug|Any CPU.Build.0 = Debug|Any CPU
		{75B38EDC-6B2F-4A98-B0CB-AF7034ED7C4B}.Release|Any CPU.ActiveCfg = Release|Any CPU
		{75B38EDC-6B2F-4A98-B0CB-AF7034ED7C4B}.Release|Any CPU.Build.0 = Release|Any CPU
		{27BAF008-5F95-4673-8E45-BD4CD3BB38B4}.Debug|Any CPU.ActiveCfg = Debug|Any CPU
		{27BAF008-5F95-4673-8E45-BD4CD3BB38B4}.Debug|Any CPU.Build.0 = Debug|Any CPU
		{27BAF008-5F95-4673-8E45-BD4CD3BB38B4}.Release|Any CPU.ActiveCfg = Release|Any CPU
		{27BAF008-5F95-4673-8E45-BD4CD3BB38B4}.Release|Any CPU.Build.0 = Release|Any CPU
	EndGlobalSection
	GlobalSection(SolutionProperties) = preSolution
		HideSolutionNode = FALSE
	EndGlobalSection
	GlobalSection(ExtensibilityGlobals) = postSolution
		SolutionGuid = {513E528C-F561-4BEA-8730-C50425FA62BD}
	EndGlobalSection
EndGlobal
