
Microsoft Visual Studio Solution File, Format Version 12.00
# Visual Studio Version 16
VisualStudioVersion = 16.0.31129.286
MinimumVisualStudioVersion = 10.0.40219.1
Project("{FAE04EC0-301F-11D3-BF4B-00C04F79EFBC}") = "SimpleAlpha-BetaConsoleApp", "SimpleAlpha-BetaConsoleApp\SimpleAlpha-BetaConsoleApp.csproj", "{79C4D583-3F7C-4E58-865A-0797E798AD8A}"
EndProject
Global
	GlobalSection(SolutionConfigurationPlatforms) = preSolution
		Debug|Any CPU = Debug|Any CPU
		Release|Any CPU = Release|Any CPU
	EndGlobalSection
	GlobalSection(ProjectConfigurationPlatforms) = postSolution
		{79C4D583-3F7C-4E58-865A-0797E798AD8A}.Debug|Any CPU.ActiveCfg = Debug|Any CPU
		{79C4D583-3F7C-4E58-865A-0797E798AD8A}.Debug|Any CPU.Build.0 = Debug|Any CPU
		{79C4D583-3F7C-4E58-865A-0797E798AD8A}.Release|Any CPU.ActiveCfg = Release|Any CPU
		{79C4D583-3F7C-4E58-865A-0797E798AD8A}.Release|Any CPU.Build.0 = Release|Any CPU
	EndGlobalSection
	GlobalSection(SolutionProperties) = preSolution
		HideSolutionNode = FALSE
	EndGlobalSection
	GlobalSection(ExtensibilityGlobals) = postSolution
		SolutionGuid = {777543A7-E454-408A-82A9-081F8E4B2048}
	EndGlobalSection
EndGlobal
