
Microsoft Visual Studio Solution File, Format Version 12.00
# Visual Studio 15
VisualStudioVersion = 15.0.26430.16
MinimumVisualStudioVersion = 10.0.40219.1
Project("{FAE04EC0-301F-11D3-BF4B-00C04F79EFBC}") = "prjM2RBF", "prjM2RBF\prjM2RBF.csproj", "{56808A80-8766-4D70-8BE3-B05250ADB1EB}"
EndProject
Global
	GlobalSection(SolutionConfigurationPlatforms) = preSolution
		Debug|Any CPU = Debug|Any CPU
		Release|Any CPU = Release|Any CPU
	EndGlobalSection
	GlobalSection(ProjectConfigurationPlatforms) = postSolution
		{56808A80-8766-4D70-8BE3-B05250ADB1EB}.Debug|Any CPU.ActiveCfg = Debug|Any CPU
		{56808A80-8766-4D70-8BE3-B05250ADB1EB}.Debug|Any CPU.Build.0 = Debug|Any CPU
		{56808A80-8766-4D70-8BE3-B05250ADB1EB}.Release|Any CPU.ActiveCfg = Release|Any CPU
		{56808A80-8766-4D70-8BE3-B05250ADB1EB}.Release|Any CPU.Build.0 = Release|Any CPU
	EndGlobalSection
	GlobalSection(SolutionProperties) = preSolution
		HideSolutionNode = FALSE
	EndGlobalSection
EndGlobal
